
Microsoft Visual Studio Solution File, Format Version 12.00
# Visual Studio Version 17
VisualStudioVersion = 17.14.36616.10 d17.14
MinimumVisualStudioVersion = 10.0.40219.1
Project("{FAE04EC0-301F-11D3-BF4B-00C04F79EFBC}") = "ProyectoEvaluacion", "ProyectoEvaluacion\ProyectoEvaluacion.csproj", "{7F53BF80-A283-48D8-A452-2EA2B07455B2}"
EndProject
Project("{FAE04EC0-301F-11D3-BF4B-00C04F79EFBC}") = "Core", "Core\Core.csproj", "{D88E644A-F38F-49F2-B263-67788C987825}"
EndProject
Global
	GlobalSection(SolutionConfigurationPlatforms) = preSolution
		Debug|Any CPU = Debug|Any CPU
		Release|Any CPU = Release|Any CPU
	EndGlobalSection
	GlobalSection(ProjectConfigurationPlatforms) = postSolution
		{7F53BF80-A283-48D8-A452-2EA2B07455B2}.Debug|Any CPU.ActiveCfg = Debug|Any CPU
		{7F53BF80-A283-48D8-A452-2EA2B07455B2}.Debug|Any CPU.Build.0 = Debug|Any CPU
		{7F53BF80-A283-48D8-A452-2EA2B07455B2}.Release|Any CPU.ActiveCfg = Release|Any CPU
		{7F53BF80-A283-48D8-A452-2EA2B07455B2}.Release|Any CPU.Build.0 = Release|Any CPU
		{D88E644A-F38F-49F2-B263-67788C987825}.Debug|Any CPU.ActiveCfg = Debug|Any CPU
		{D88E644A-F38F-49F2-B263-67788C987825}.Debug|Any CPU.Build.0 = Debug|Any CPU
		{D88E644A-F38F-49F2-B263-67788C987825}.Release|Any CPU.ActiveCfg = Release|Any CPU
		{D88E644A-F38F-49F2-B263-67788C987825}.Release|Any CPU.Build.0 = Release|Any CPU
	EndGlobalSection
	GlobalSection(SolutionProperties) = preSolution
		HideSolutionNode = FALSE
	EndGlobalSection
	GlobalSection(ExtensibilityGlobals) = postSolution
		SolutionGuid = {022FA148-558C-46DC-8B11-63E1FEC9A844}
	EndGlobalSection
EndGlobal
